// !$*UTF8*$!
{
	archiveVersion = 1;
	classes = {
	};
	objectVersion = 50;
	objects = {

/* Begin PBXBuildFile section */
		1F78EC38212A7FEA00F918AF /* AppDelegate.swift in Sources */ = {isa = PBXBuildFile; fileRef = 1F78EC37212A7FEA00F918AF /* AppDelegate.swift */; };
		1F78EC3D212A7FEA00F918AF /* Main.storyboard in Resources */ = {isa = PBXBuildFile; fileRef = 1F78EC3B212A7FEA00F918AF /* Main.storyboard */; };
		1F78EC3F212A7FED00F918AF /* Assets.xcassets in Resources */ = {isa = PBXBuildFile; fileRef = 1F78EC3E212A7FED00F918AF /* Assets.xcassets */; };
		1F78EC42212A7FED00F918AF /* LaunchScreen.storyboard in Resources */ = {isa = PBXBuildFile; fileRef = 1F78EC40212A7FED00F918AF /* LaunchScreen.storyboard */; };
		1F78EC4D212A7FED00F918AF /* AstarusTEST_4Tests.swift in Sources */ = {isa = PBXBuildFile; fileRef = 1F78EC4C212A7FED00F918AF /* AstarusTEST_4Tests.swift */; };
		1F78EC58212A7FEE00F918AF /* AstarusTEST_4UITests.swift in Sources */ = {isa = PBXBuildFile; fileRef = 1F78EC57212A7FEE00F918AF /* AstarusTEST_4UITests.swift */; };
		1F78EC68212A982500F918AF /* TableController.swift in Sources */ = {isa = PBXBuildFile; fileRef = 1F78EC67212A982500F918AF /* TableController.swift */; };
/* End PBXBuildFile section */

/* Begin PBXContainerItemProxy section */
		1F78EC49212A7FED00F918AF /* PBXContainerItemProxy */ = {
			isa = PBXContainerItemProxy;
			containerPortal = 1F78EC2C212A7FEA00F918AF /* Project object */;
			proxyType = 1;
			remoteGlobalIDString = 1F78EC33212A7FEA00F918AF;
			remoteInfo = AstarusTEST_4;
		};
		1F78EC54212A7FEE00F918AF /* PBXContainerItemProxy */ = {
			isa = PBXContainerItemProxy;
			containerPortal = 1F78EC2C212A7FEA00F918AF /* Project object */;
			proxyType = 1;
			remoteGlobalIDString = 1F78EC33212A7FEA00F918AF;
			remoteInfo = AstarusTEST_4;
		};
/* End PBXContainerItemProxy section */

/* Begin PBXFileReference section */
		1F78EC34212A7FEA00F918AF /* AstarusTEST_4.app */ = {isa = PBXFileReference; explicitFileType = wrapper.application; includeInIndex = 0; path = AstarusTEST_4.app; sourceTree = BUILT_PRODUCTS_DIR; };
		1F78EC37212A7FEA00F918AF /* AppDelegate.swift */ = {isa = PBXFileReference; lastKnownFileType = sourcecode.swift; path = AppDelegate.swift; sourceTree = "<group>"; };
		1F78EC3C212A7FEA00F918AF /* Base */ = {isa = PBXFileReference; lastKnownFileType = file.storyboard; name = Base; path = Base.lproj/Main.storyboard; sourceTree = "<group>"; };
		1F78EC3E212A7FED00F918AF /* Assets.xcassets */ = {isa = PBXFileReference; lastKnownFileType = folder.assetcatalog; path = Assets.xcassets; sourceTree = "<group>"; };
		1F78EC41212A7FED00F918AF /* Base */ = {isa = PBXFileReference; lastKnownFileType = file.storyboard; name = Base; path = Base.lproj/LaunchScreen.storyboard; sourceTree = "<group>"; };
		1F78EC43212A7FED00F918AF /* Info.plist */ = {isa = PBXFileReference; lastKnownFileType = text.plist.xml; path = Info.plist; sourceTree = "<group>"; };
		1F78EC48212A7FED00F918AF /* AstarusTEST_4Tests.xctest */ = {isa = PBXFileReference; explicitFileType = wrapper.cfbundle; includeInIndex = 0; path = AstarusTEST_4Tests.xctest; sourceTree = BUILT_PRODUCTS_DIR; };
		1F78EC4C212A7FED00F918AF /* AstarusTEST_4Tests.swift */ = {isa = PBXFileReference; lastKnownFileType = sourcecode.swift; path = AstarusTEST_4Tests.swift; sourceTree = "<group>"; };
		1F78EC4E212A7FEE00F918AF /* Info.plist */ = {isa = PBXFileReference; lastKnownFileType = text.plist.xml; path = Info.plist; sourceTree = "<group>"; };
		1F78EC53212A7FEE00F918AF /* AstarusTEST_4UITests.xctest */ = {isa = PBXFileReference; explicitFileType = wrapper.cfbundle; includeInIndex = 0; path = AstarusTEST_4UITests.xctest; sourceTree = BUILT_PRODUCTS_DIR; };
		1F78EC57212A7FEE00F918AF /* AstarusTEST_4UITests.swift */ = {isa = PBXFileReference; lastKnownFileType = sourcecode.swift; path = AstarusTEST_4UITests.swift; sourceTree = "<group>"; };
		1F78EC59212A7FEE00F918AF /* Info.plist */ = {isa = PBXFileReference; lastKnownFileType = text.plist.xml; path = Info.plist; sourceTree = "<group>"; };
		1F78EC67212A982500F918AF /* TableController.swift */ = {isa = PBXFileReference; lastKnownFileType = sourcecode.swift; path = TableController.swift; sourceTree = "<group>"; };
/* End PBXFileReference section */

/* Begin PBXFrameworksBuildPhase section */
		1F78EC31212A7FEA00F918AF /* Frameworks */ = {
			isa = PBXFrameworksBuildPhase;
			buildActionMask = 2147483647;
			files = (
			);
			runOnlyForDeploymentPostprocessing = 0;
		};
		1F78EC45212A7FED00F918AF /* Frameworks */ = {
			isa = PBXFrameworksBuildPhase;
			buildActionMask = 2147483647;
			files = (
			);
			runOnlyForDeploymentPostprocessing = 0;
		};
		1F78EC50212A7FEE00F918AF /* Frameworks */ = {
			isa = PBXFrameworksBuildPhase;
			buildActionMask = 2147483647;
			files = (
			);
			runOnlyForDeploymentPostprocessing = 0;
		};
/* End PBXFrameworksBuildPhase section */

/* Begin PBXGroup section */
		1F78EC2B212A7FEA00F918AF = {
			isa = PBXGroup;
			children = (
				1F78EC36212A7FEA00F918AF /* AstarusTEST_4 */,
				1F78EC4B212A7FED00F918AF /* AstarusTEST_4Tests */,
				1F78EC56212A7FEE00F918AF /* AstarusTEST_4UITests */,
				1F78EC35212A7FEA00F918AF /* Products */,
			);
			sourceTree = "<group>";
		};
		1F78EC35212A7FEA00F918AF /* Products */ = {
			isa = PBXGroup;
			children = (
				1F78EC34212A7FEA00F918AF /* AstarusTEST_4.app */,
				1F78EC48212A7FED00F918AF /* AstarusTEST_4Tests.xctest */,
				1F78EC53212A7FEE00F918AF /* AstarusTEST_4UITests.xctest */,
			);
			name = Products;
			sourceTree = "<group>";
		};
		1F78EC36212A7FEA00F918AF /* AstarusTEST_4 */ = {
			isa = PBXGroup;
			children = (
				1F78EC37212A7FEA00F918AF /* AppDelegate.swift */,
				1F78EC3B212A7FEA00F918AF /* Main.storyboard */,
				1F78EC67212A982500F918AF /* TableController.swift */,
				1F78EC3E212A7FED00F918AF /* Assets.xcassets */,
				1F78EC40212A7FED00F918AF /* LaunchScreen.storyboard */,
				1F78EC43212A7FED00F918AF /* Info.plist */,
			);
			path = AstarusTEST_4;
			sourceTree = "<group>";
		};
		1F78EC4B212A7FED00F918AF /* AstarusTEST_4Tests */ = {
			isa = PBXGroup;
			children = (
				1F78EC4C212A7FED00F918AF /* AstarusTEST_4Tests.swift */,
				1F78EC4E212A7FEE00F918AF /* Info.plist */,
			);
			path = AstarusTEST_4Tests;
			sourceTree = "<group>";
		};
		1F78EC56212A7FEE00F918AF /* AstarusTEST_4UITests */ = {
			isa = PBXGroup;
			children = (
				1F78EC57212A7FEE00F918AF /* AstarusTEST_4UITests.swift */,
				1F78EC59212A7FEE00F918AF /* Info.plist */,
			);
			path = AstarusTEST_4UITests;
			sourceTree = "<group>";
		};
/* End PBXGroup section */

/* Begin PBXNativeTarget section */
		1F78EC33212A7FEA00F918AF /* AstarusTEST_4 */ = {
			isa = PBXNativeTarget;
			buildConfigurationList = 1F78EC5C212A7FEE00F918AF /* Build configuration list for PBXNativeTarget "AstarusTEST_4" */;
			buildPhases = (
				1F78EC30212A7FEA00F918AF /* Sources */,
				1F78EC31212A7FEA00F918AF /* Frameworks */,
				1F78EC32212A7FEA00F918AF /* Resources */,
			);
			buildRules = (
			);
			dependencies = (
			);
			name = AstarusTEST_4;
			productName = AstarusTEST_4;
			productReference = 1F78EC34212A7FEA00F918AF /* AstarusTEST_4.app */;
			productType = "com.apple.product-type.application";
		};
		1F78EC47212A7FED00F918AF /* AstarusTEST_4Tests */ = {
			isa = PBXNativeTarget;
			buildConfigurationList = 1F78EC5F212A7FEE00F918AF /* Build configuration list for PBXNativeTarget "AstarusTEST_4Tests" */;
			buildPhases = (
				1F78EC44212A7FED00F918AF /* Sources */,
				1F78EC45212A7FED00F918AF /* Frameworks */,
				1F78EC46212A7FED00F918AF /* Resources */,
			);
			buildRules = (
			);
			dependencies = (
				1F78EC4A212A7FED00F918AF /* PBXTargetDependency */,
			);
			name = AstarusTEST_4Tests;
			productName = AstarusTEST_4Tests;
			productReference = 1F78EC48212A7FED00F918AF /* AstarusTEST_4Tests.xctest */;
			productType = "com.apple.product-type.bundle.unit-test";
		};
		1F78EC52212A7FEE00F918AF /* AstarusTEST_4UITests */ = {
			isa = PBXNativeTarget;
			buildConfigurationList = 1F78EC62212A7FEE00F918AF /* Build configuration list for PBXNativeTarget "AstarusTEST_4UITests" */;
			buildPhases = (
				1F78EC4F212A7FEE00F918AF /* Sources */,
				1F78EC50212A7FEE00F918AF /* Frameworks */,
				1F78EC51212A7FEE00F918AF /* Resources */,
			);
			buildRules = (
			);
			dependencies = (
				1F78EC55212A7FEE00F918AF /* PBXTargetDependency */,
			);
			name = AstarusTEST_4UITests;
			productName = AstarusTEST_4UITests;
			productReference = 1F78EC53212A7FEE00F918AF /* AstarusTEST_4UITests.xctest */;
			productType = "com.apple.product-type.bundle.ui-testing";
		};
/* End PBXNativeTarget section */

/* Begin PBXProject section */
		1F78EC2C212A7FEA00F918AF /* Project object */ = {
			isa = PBXProject;
			attributes = {
				LastSwiftUpdateCheck = 0940;
				LastUpgradeCheck = 0940;
				ORGANIZATIONNAME = alekSANdr;
				TargetAttributes = {
					1F78EC33212A7FEA00F918AF = {
						CreatedOnToolsVersion = 9.4.1;
					};
					1F78EC47212A7FED00F918AF = {
						CreatedOnToolsVersion = 9.4.1;
						TestTargetID = 1F78EC33212A7FEA00F918AF;
					};
					1F78EC52212A7FEE00F918AF = {
						CreatedOnToolsVersion = 9.4.1;
						TestTargetID = 1F78EC33212A7FEA00F918AF;
					};
				};
			};
			buildConfigurationList = 1F78EC2F212A7FEA00F918AF /* Build configuration list for PBXProject "AstarusTEST_4" */;
			compatibilityVersion = "Xcode 9.3";
			developmentRegion = en;
			hasScannedForEncodings = 0;
			knownRegions = (
				en,
				Base,
			);
			mainGroup = 1F78EC2B212A7FEA00F918AF;
			productRefGroup = 1F78EC35212A7FEA00F918AF /* Products */;
			projectDirPath = "";
			projectRoot = "";
			targets = (
				1F78EC33212A7FEA00F918AF /* AstarusTEST_4 */,
				1F78EC47212A7FED00F918AF /* AstarusTEST_4Tests */,
				1F78EC52212A7FEE00F918AF /* AstarusTEST_4UITests */,
			);
		};
/* End PBXProject section */

/* Begin PBXResourcesBuildPhase section */
		1F78EC32212A7FEA00F918AF /* Resources */ = {
			isa = PBXResourcesBuildPhase;
			buildActionMask = 2147483647;
			files = (
				1F78EC42212A7FED00F918AF /* LaunchScreen.storyboard in Resources */,
				1F78EC3F212A7FED00F918AF /* Assets.xcassets in Resources */,
				1F78EC3D212A7FEA00F918AF /* Main.storyboard in Resources */,
			);
			runOnlyForDeploymentPostprocessing = 0;
		};
		1F78EC46212A7FED00F918AF /* Resources */ = {
			isa = PBXResourcesBuildPhase;
			buildActionMask = 2147483647;
			files = (
			);
			runOnlyForDeploymentPostprocessing = 0;
		};
		1F78EC51212A7FEE00F918AF /* Resources */ = {
			isa = PBXResourcesBuildPhase;
			buildActionMask = 2147483647;
			files = (
			);
			runOnlyForDeploymentPostprocessing = 0;
		};
/* End PBXResourcesBuildPhase section */

/* Begin PBXSourcesBuildPhase section */
		1F78EC30212A7FEA00F918AF /* Sources */ = {
			isa = PBXSourcesBuildPhase;
			buildActionMask = 2147483647;
			files = (
				1F78EC68212A982500F918AF /* TableController.swift in Sources */,
				1F78EC38212A7FEA00F918AF /* AppDelegate.swift in Sources */,
			);
			runOnlyForDeploymentPostprocessing = 0;
		};
		1F78EC44212A7FED00F918AF /* Sources */ = {
			isa = PBXSourcesBuildPhase;
			buildActionMask = 2147483647;
			files = (
				1F78EC4D212A7FED00F918AF /* AstarusTEST_4Tests.swift in Sources */,
			);
			runOnlyForDeploymentPostprocessing = 0;
		};
		1F78EC4F212A7FEE00F918AF /* Sources */ = {
			isa = PBXSourcesBuildPhase;
			buildActionMask = 2147483647;
			files = (
				1F78EC58212A7FEE00F918AF /* AstarusTEST_4UITests.swift in Sources */,
			);
			runOnlyForDeploymentPostprocessing = 0;
		};
/* End PBXSourcesBuildPhase section */

/* Begin PBXTargetDependency section */
		1F78EC4A212A7FED00F918AF /* PBXTargetDependency */ = {
			isa = PBXTargetDependency;
			target = 1F78EC33212A7FEA00F918AF /* AstarusTEST_4 */;
			targetProxy = 1F78EC49212A7FED00F918AF /* PBXContainerItemProxy */;
		};
		1F78EC55212A7FEE00F918AF /* PBXTargetDependency */ = {
			isa = PBXTargetDependency;
			target = 1F78EC33212A7FEA00F918AF /* AstarusTEST_4 */;
			targetProxy = 1F78EC54212A7FEE00F918AF /* PBXContainerItemProxy */;
		};
/* End PBXTargetDependency section */

/* Begin PBXVariantGroup section */
		1F78EC3B212A7FEA00F918AF /* Main.storyboard */ = {
			isa = PBXVariantGroup;
			children = (
				1F78EC3C212A7FEA00F918AF /* Base */,
			);
			name = Main.storyboard;
			sourceTree = "<group>";
		};
		1F78EC40212A7FED00F918AF /* LaunchScreen.storyboard */ = {
			isa = PBXVariantGroup;
			children = (
				1F78EC41212A7FED00F918AF /* Base */,
			);
			name = LaunchScreen.storyboard;
			sourceTree = "<group>";
		};
/* End PBXVariantGroup section */

/* Begin XCBuildConfiguration section */
		1F78EC5A212A7FEE00F918AF /* Debug */ = {
			isa = XCBuildConfiguration;
			buildSettings = {
				ALWAYS_SEARCH_USER_PATHS = NO;
				CLANG_ANALYZER_NONNULL = YES;
				CLANG_ANALYZER_NUMBER_OBJECT_CONVERSION = YES_AGGRESSIVE;
				CLANG_CXX_LANGUAGE_STANDARD = "gnu++14";
				CLANG_CXX_LIBRARY = "libc++";
				CLANG_ENABLE_MODULES = YES;
				CLANG_ENABLE_OBJC_ARC = YES;
				CLANG_ENABLE_OBJC_WEAK = YES;
				CLANG_WARN_BLOCK_CAPTURE_AUTORELEASING = YES;
				CLANG_WARN_BOOL_CONVERSION = YES;
				CLANG_WARN_COMMA = YES;
				CLANG_WARN_CONSTANT_CONVERSION = YES;
				CLANG_WARN_DEPRECATED_OBJC_IMPLEMENTATIONS = YES;
				CLANG_WARN_DIRECT_OBJC_ISA_USAGE = YES_ERROR;
				CLANG_WARN_DOCUMENTATION_COMMENTS = YES;
				CLANG_WARN_EMPTY_BODY = YES;
				CLANG_WARN_ENUM_CONVERSION = YES;
				CLANG_WARN_INFINITE_RECURSION = YES;
				CLANG_WARN_INT_CONVERSION = YES;
				CLANG_WARN_NON_LITERAL_NULL_CONVERSION = YES;
				CLANG_WARN_OBJC_IMPLICIT_RETAIN_SELF = YES;
				CLANG_WARN_OBJC_LITERAL_CONVERSION = YES;
				CLANG_WARN_OBJC_ROOT_CLASS = YES_ERROR;
				CLANG_WARN_RANGE_LOOP_ANALYSIS = YES;
				CLANG_WARN_STRICT_PROTOTYPES = YES;
				CLANG_WARN_SUSPICIOUS_MOVE = YES;
				CLANG_WARN_UNGUARDED_AVAILABILITY = YES_AGGRESSIVE;
				CLANG_WARN_UNREACHABLE_CODE = YES;
				CLANG_WARN__DUPLICATE_METHOD_MATCH = YES;
				CODE_SIGN_IDENTITY = "iPhone Developer";
				COPY_PHASE_STRIP = NO;
				DEBUG_INFORMATION_FORMAT = dwarf;
				ENABLE_STRICT_OBJC_MSGSEND = YES;
				ENABLE_TESTABILITY = YES;
				GCC_C_LANGUAGE_STANDARD = gnu11;
				GCC_DYNAMIC_NO_PIC = NO;
				GCC_NO_COMMON_BLOCKS = YES;
				GCC_OPTIMIZATION_LEVEL = 0;
				GCC_PREPROCESSOR_DEFINITIONS = (
					"DEBUG=1",
					"$(inherited)",
				);
				GCC_WARN_64_TO_32_BIT_CONVERSION = YES;
				GCC_WARN_ABOUT_RETURN_TYPE = YES_ERROR;
				GCC_WARN_UNDECLARED_SELECTOR = YES;
				GCC_WARN_UNINITIALIZED_AUTOS = YES_AGGRESSIVE;
				GCC_WARN_UNUSED_FUNCTION = YES;
				GCC_WARN_UNUSED_VARIABLE = YES;
				IPHONEOS_DEPLOYMENT_TARGET = 11.4;
				MTL_ENABLE_DEBUG_INFO = YES;
				ONLY_ACTIVE_ARCH = YES;
				SDKROOT = iphoneos;
				SWIFT_ACTIVE_COMPILATION_CONDITIONS = DEBUG;
				SWIFT_OPTIMIZATION_LEVEL = "-Onone";
			};
			name = Debug;
		};
		1F78EC5B212A7FEE00F918AF /* Release */ = {
			isa = XCBuildConfiguration;
			buildSettings = {
				ALWAYS_SEARCH_USER_PATHS = NO;
				CLANG_ANALYZER_NONNULL = YES;
				CLANG_ANALYZER_NUMBER_OBJECT_CONVERSION = YES_AGGRESSIVE;
				CLANG_CXX_LANGUAGE_STANDARD = "gnu++14";
				CLANG_CXX_LIBRARY = "libc++";
				CLANG_ENABLE_MODULES = YES;
				CLANG_ENABLE_OBJC_ARC = YES;
				CLANG_ENABLE_OBJC_WEAK = YES;
				CLANG_WARN_BLOCK_CAPTURE_AUTORELEASING = YES;
				CLANG_WARN_BOOL_CONVERSION = YES;
				CLANG_WARN_COMMA = YES;
				CLANG_WARN_CONSTANT_CONVERSION = YES;
				CLANG_WARN_DEPRECATED_OBJC_IMPLEMENTATIONS = YES;
				CLANG_WARN_DIRECT_OBJC_ISA_USAGE = YES_ERROR;
				CLANG_WARN_DOCUMENTATION_COMMENTS = YES;
				CLANG_WARN_EMPTY_BODY = YES;
				CLANG_WARN_ENUM_CONVERSION = YES;
				CLANG_WARN_INFINITE_RECURSION = YES;
				CLANG_WARN_INT_CONVERSION = YES;
				CLANG_WARN_NON_LITERAL_NULL_CONVERSION = YES;
				CLANG_WARN_OBJC_IMPLICIT_RETAIN_SELF = YES;
				CLANG_WARN_OBJC_LITERAL_CONVERSION = YES;
				CLANG_WARN_OBJC_ROOT_CLASS = YES_ERROR;
				CLANG_WARN_RANGE_LOOP_ANALYSIS = YES;
				CLANG_WARN_STRICT_PROTOTYPES = YES;
				CLANG_WARN_SUSPICIOUS_MOVE = YES;
				CLANG_WARN_UNGUARDED_AVAILABILITY = YES_AGGRESSIVE;
				CLANG_WARN_UNREACHABLE_CODE = YES;
				CLANG_WARN__DUPLICATE_METHOD_MATCH = YES;
				CODE_SIGN_IDENTITY = "iPhone Developer";
				COPY_PHASE_STRIP = NO;
				DEBUG_INFORMATION_FORMAT = "dwarf-with-dsym";
				ENABLE_NS_ASSERTIONS = NO;
				ENABLE_STRICT_OBJC_MSGSEND = YES;
				GCC_C_LANGUAGE_STANDARD = gnu11;
				GCC_NO_COMMON_BLOCKS = YES;
				GCC_WARN_64_TO_32_BIT_CONVERSION = YES;
				GCC_WARN_ABOUT_RETURN_TYPE = YES_ERROR;
				GCC_WARN_UNDECLARED_SELECTOR = YES;
				GCC_WARN_UNINITIALIZED_AUTOS = YES_AGGRESSIVE;
				GCC_WARN_UNUSED_FUNCTION = YES;
				GCC_WARN_UNUSED_VARIABLE = YES;
				IPHONEOS_DEPLOYMENT_TARGET = 11.4;
				MTL_ENABLE_DEBUG_INFO = NO;
				SDKROOT = iphoneos;
				SWIFT_COMPILATION_MODE = wholemodule;
				SWIFT_OPTIMIZATION_LEVEL = "-O";
				VALIDATE_PRODUCT = YES;
			};
			name = Release;
		};
		1F78EC5D212A7FEE00F918AF /* Debug */ = {
			isa = XCBuildConfiguration;
			buildSettings = {
				ASSETCATALOG_COMPILER_APPICON_NAME = AppIcon;
				CODE_SIGN_STYLE = Automatic;
				INFOPLIST_FILE = AstarusTEST_4/Info.plist;
				LD_RUNPATH_SEARCH_PATHS = (
					"$(inherited)",
					"@executable_path/Frameworks",
				);
				PRODUCT_BUNDLE_IDENTIFIER = "ASTARUS.AstarusTEST-4";
				PRODUCT_NAME = "$(TARGET_NAME)";
				SWIFT_VERSION = 4.0;
				TARGETED_DEVICE_FAMILY = "1,2";
			};
			name = Debug;
		};
		1F78EC5E212A7FEE00F918AF /* Release */ = {
			isa = XCBuildConfiguration;
			buildSettings = {
				ASSETCATALOG_COMPILER_APPICON_NAME = AppIcon;
				CODE_SIGN_STYLE = Automatic;
				INFOPLIST_FILE = AstarusTEST_4/Info.plist;
				LD_RUNPATH_SEARCH_PATHS = (
					"$(inherited)",
					"@executable_path/Frameworks",
				);
				PRODUCT_BUNDLE_IDENTIFIER = "ASTARUS.AstarusTEST-4";
				PRODUCT_NAME = "$(TARGET_NAME)";
				SWIFT_VERSION = 4.0;
				TARGETED_DEVICE_FAMILY = "1,2";
			};
			name = Release;
		};
		1F78EC60212A7FEE00F918AF /* Debug */ = {
			isa = XCBuildConfiguration;
			buildSettings = {
				ALWAYS_EMBED_SWIFT_STANDARD_LIBRARIES = YES;
				BUNDLE_LOADER = "$(TEST_HOST)";
				CODE_SIGN_STYLE = Automatic;
				INFOPLIST_FILE = AstarusTEST_4Tests/Info.plist;
				LD_RUNPATH_SEARCH_PATHS = (
					"$(inherited)",
					"@executable_path/Frameworks",
					"@loader_path/Frameworks",
				);
				PRODUCT_BUNDLE_IDENTIFIER = "ASTARUS.AstarusTEST-4Tests";
				PRODUCT_NAME = "$(TARGET_NAME)";
				SWIFT_VERSION = 4.0;
				TARGETED_DEVICE_FAMILY = "1,2";
				TEST_HOST = "$(BUILT_PRODUCTS_DIR)/AstarusTEST_4.app/AstarusTEST_4";
			};
			name = Debug;
		};
		1F78EC61212A7FEE00F918AF /* Release */ = {
			isa = XCBuildConfiguration;
			buildSettings = {
				ALWAYS_EMBED_SWIFT_STANDARD_LIBRARIES = YES;
				BUNDLE_LOADER = "$(TEST_HOST)";
				CODE_SIGN_STYLE = Automatic;
				INFOPLIST_FILE = AstarusTEST_4Tests/Info.plist;
				LD_RUNPATH_SEARCH_PATHS = (
					"$(inherited)",
					"@executable_path/Frameworks",
					"@loader_path/Frameworks",
				);
				PRODUCT_BUNDLE_IDENTIFIER = "ASTARUS.AstarusTEST-4Tests";
				PRODUCT_NAME = "$(TARGET_NAME)";
				SWIFT_VERSION = 4.0;
				TARGETED_DEVICE_FAMILY = "1,2";
				TEST_HOST = "$(BUILT_PRODUCTS_DIR)/AstarusTEST_4.app/AstarusTEST_4";
			};
			name = Release;
		};
		1F78EC63212A7FEE00F918AF /* Debug */ = {
			isa = XCBuildConfiguration;
			buildSettings = {
				ALWAYS_EMBED_SWIFT_STANDARD_LIBRARIES = YES;
				CODE_SIGN_STYLE = Automatic;
				INFOPLIST_FILE = AstarusTEST_4UITests/Info.plist;
				LD_RUNPATH_SEARCH_PATHS = (
					"$(inherited)",
					"@executable_path/Frameworks",
					"@loader_path/Frameworks",
				);
				PRODUCT_BUNDLE_IDENTIFIER = "ASTARUS.AstarusTEST-4UITests";
				PRODUCT_NAME = "$(TARGET_NAME)";
				SWIFT_VERSION = 4.0;
				TARGETED_DEVICE_FAMILY = "1,2";
				TEST_TARGET_NAME = AstarusTEST_4;
			};
			name = Debug;
		};
		1F78EC64212A7FEE00F918AF /* Release */ = {
			isa = XCBuildConfiguration;
			buildSettings = {
				ALWAYS_EMBED_SWIFT_STANDARD_LIBRARIES = YES;
				CODE_SIGN_STYLE = Automatic;
				INFOPLIST_FILE = AstarusTEST_4UITests/Info.plist;
				LD_RUNPATH_SEARCH_PATHS = (
					"$(inherited)",
					"@executable_path/Frameworks",
					"@loader_path/Frameworks",
				);
				PRODUCT_BUNDLE_IDENTIFIER = "ASTARUS.AstarusTEST-4UITests";
				PRODUCT_NAME = "$(TARGET_NAME)";
				SWIFT_VERSION = 4.0;
				TARGETED_DEVICE_FAMILY = "1,2";
				TEST_TARGET_NAME = AstarusTEST_4;
			};
			name = Release;
		};
/* End XCBuildConfiguration section */

/* Begin XCConfigurationList section */
		1F78EC2F212A7FEA00F918AF /* Build configuration list for PBXProject "AstarusTEST_4" */ = {
			isa = XCConfigurationList;
			buildConfigurations = (
				1F78EC5A212A7FEE00F918AF /* Debug */,
				1F78EC5B212A7FEE00F918AF /* Release */,
			);
			defaultConfigurationIsVisible = 0;
			defaultConfigurationName = Release;
		};
		1F78EC5C212A7FEE00F918AF /* Build configuration list for PBXNativeTarget "AstarusTEST_4" */ = {
			isa = XCConfigurationList;
			buildConfigurations = (
				1F78EC5D212A7FEE00F918AF /* Debug */,
				1F78EC5E212A7FEE00F918AF /* Release */,
			);
			defaultConfigurationIsVisible = 0;
			defaultConfigurationName = Release;
		};
		1F78EC5F212A7FEE00F918AF /* Build configuration list for PBXNativeTarget "AstarusTEST_4Tests" */ = {
			isa = XCConfigurationList;
			buildConfigurations = (
				1F78EC60212A7FEE00F918AF /* Debug */,
				1F78EC61212A7FEE00F918AF /* Release */,
			);
			defaultConfigurationIsVisible = 0;
			defaultConfigurationName = Release;
		};
		1F78EC62212A7FEE00F918AF /* Build configuration list for PBXNativeTarget "AstarusTEST_4UITests" */ = {
			isa = XCConfigurationList;
			buildConfigurations = (
				1F78EC63212A7FEE00F918AF /* Debug */,
				1F78EC64212A7FEE00F918AF /* Release */,
			);
			defaultConfigurationIsVisible = 0;
			defaultConfigurationName = Release;
		};
/* End XCConfigurationList section */
	};
	rootObject = 1F78EC2C212A7FEA00F918AF /* Project object */;
}
